// !$*UTF8*$!
{
	archiveVersion = 1;
	classes = {
	};
	objectVersion = 50;
	objects = {

/* Begin PBXBuildFile section */
		04B7F2E6257BAE2D00CF9A4B /* AppDelegate.swift in Sources */ = {isa = PBXBuildFile; fileRef = 04B7F2E5257BAE2D00CF9A4B /* AppDelegate.swift */; };
		04B7F2E8257BAE2D00CF9A4B /* SceneDelegate.swift in Sources */ = {isa = PBXBuildFile; fileRef = 04B7F2E7257BAE2D00CF9A4B /* SceneDelegate.swift */; };
		04B7F2EA257BAE2D00CF9A4B /* CategoryViewController.swift in Sources */ = {isa = PBXBuildFile; fileRef = 04B7F2E9257BAE2D00CF9A4B /* CategoryViewController.swift */; };
		04B7F2ED257BAE2D00CF9A4B /* Main.storyboard in Resources */ = {isa = PBXBuildFile; fileRef = 04B7F2EB257BAE2D00CF9A4B /* Main.storyboard */; };
		04B7F2EF257BAE3100CF9A4B /* Assets.xcassets in Resources */ = {isa = PBXBuildFile; fileRef = 04B7F2EE257BAE3100CF9A4B /* Assets.xcassets */; };
		04B7F2F2257BAE3100CF9A4B /* LaunchScreen.storyboard in Resources */ = {isa = PBXBuildFile; fileRef = 04B7F2F0257BAE3100CF9A4B /* LaunchScreen.storyboard */; };
		0E9DFECBD9079545C9F6585C /* Pods_todoey_realm.framework in Frameworks */ = {isa = PBXBuildFile; fileRef = 72E3C2583B0C50A460610008 /* Pods_todoey_realm.framework */; };
/* End PBXBuildFile section */

/* Begin PBXFileReference section */
		04B7F2E2257BAE2D00CF9A4B /* todoey-realm.app */ = {isa = PBXFileReference; explicitFileType = wrapper.application; includeInIndex = 0; path = "todoey-realm.app"; sourceTree = BUILT_PRODUCTS_DIR; };
		04B7F2E5257BAE2D00CF9A4B /* AppDelegate.swift */ = {isa = PBXFileReference; lastKnownFileType = sourcecode.swift; path = AppDelegate.swift; sourceTree = "<group>"; };
		04B7F2E7257BAE2D00CF9A4B /* SceneDelegate.swift */ = {isa = PBXFileReference; lastKnownFileType = sourcecode.swift; path = SceneDelegate.swift; sourceTree = "<group>"; };
		04B7F2E9257BAE2D00CF9A4B /* CategoryViewController.swift */ = {isa = PBXFileReference; lastKnownFileType = sourcecode.swift; path = CategoryViewController.swift; sourceTree = "<group>"; };
		04B7F2EC257BAE2D00CF9A4B /* Base */ = {isa = PBXFileReference; lastKnownFileType = file.storyboard; name = Base; path = Base.lproj/Main.storyboard; sourceTree = "<group>"; };
		04B7F2EE257BAE3100CF9A4B /* Assets.xcassets */ = {isa = PBXFileReference; lastKnownFileType = folder.assetcatalog; path = Assets.xcassets; sourceTree = "<group>"; };
		04B7F2F1257BAE3100CF9A4B /* Base */ = {isa = PBXFileReference; lastKnownFileType = file.storyboard; name = Base; path = Base.lproj/LaunchScreen.storyboard; sourceTree = "<group>"; };
		04B7F2F3257BAE3100CF9A4B /* Info.plist */ = {isa = PBXFileReference; lastKnownFileType = text.plist.xml; path = Info.plist; sourceTree = "<group>"; };
		72E3C2583B0C50A460610008 /* Pods_todoey_realm.framework */ = {isa = PBXFileReference; explicitFileType = wrapper.framework; includeInIndex = 0; path = Pods_todoey_realm.framework; sourceTree = BUILT_PRODUCTS_DIR; };
		85D142A0AA15B25B335A88DB /* Pods-todoey-realm.release.xcconfig */ = {isa = PBXFileReference; includeInIndex = 1; lastKnownFileType = text.xcconfig; name = "Pods-todoey-realm.release.xcconfig"; path = "Target Support Files/Pods-todoey-realm/Pods-todoey-realm.release.xcconfig"; sourceTree = "<group>"; };
		CEB018E62A9F01F9301A8278 /* Pods-todoey-realm.debug.xcconfig */ = {isa = PBXFileReference; includeInIndex = 1; lastKnownFileType = text.xcconfig; name = "Pods-todoey-realm.debug.xcconfig"; path = "Target Support Files/Pods-todoey-realm/Pods-todoey-realm.debug.xcconfig"; sourceTree = "<group>"; };
/* End PBXFileReference section */

/* Begin PBXFrameworksBuildPhase section */
		04B7F2DF257BAE2D00CF9A4B /* Frameworks */ = {
			isa = PBXFrameworksBuildPhase;
			buildActionMask = 2147483647;
			files = (
				0E9DFECBD9079545C9F6585C /* Pods_todoey_realm.framework in Frameworks */,
			);
			runOnlyForDeploymentPostprocessing = 0;
		};
/* End PBXFrameworksBuildPhase section */

/* Begin PBXGroup section */
		04B7F2D9257BAE2C00CF9A4B = {
			isa = PBXGroup;
			children = (
				04B7F2E4257BAE2D00CF9A4B /* todoey-realm */,
				04B7F2E3257BAE2D00CF9A4B /* Products */,
				1EDF7A42370B36A8D2D50B11 /* Pods */,
				B4DF8B7F6D99DE1401E77FD7 /* Frameworks */,
			);
			sourceTree = "<group>";
		};
		04B7F2E3257BAE2D00CF9A4B /* Products */ = {
			isa = PBXGroup;
			children = (
				04B7F2E2257BAE2D00CF9A4B /* todoey-realm.app */,
			);
			name = Products;
			sourceTree = "<group>";
		};
		04B7F2E4257BAE2D00CF9A4B /* todoey-realm */ = {
			isa = PBXGroup;
			children = (
				04B7F2FE257BAE7A00CF9A4B /* Core */,
				04B7F2FD257BAE6E00CF9A4B /* Storyboard */,
				04B7F2FC257BAE6500CF9A4B /* Models */,
				04B7F2FB257BAE5C00CF9A4B /* Views */,
				04B7F2FA257BAE4C00CF9A4B /* Controllers */,
				04B7F2EE257BAE3100CF9A4B /* Assets.xcassets */,
				04B7F2F3257BAE3100CF9A4B /* Info.plist */,
			);
			path = "todoey-realm";
			sourceTree = "<group>";
		};
		04B7F2FA257BAE4C00CF9A4B /* Controllers */ = {
			isa = PBXGroup;
			children = (
				04B7F2E9257BAE2D00CF9A4B /* CategoryViewController.swift */,
			);
			path = Controllers;
			sourceTree = "<group>";
		};
		04B7F2FB257BAE5C00CF9A4B /* Views */ = {
			isa = PBXGroup;
			children = (
			);
			path = Views;
			sourceTree = "<group>";
		};
		04B7F2FC257BAE6500CF9A4B /* Models */ = {
			isa = PBXGroup;
			children = (
			);
			path = Models;
			sourceTree = "<group>";
		};
		04B7F2FD257BAE6E00CF9A4B /* Storyboard */ = {
			isa = PBXGroup;
			children = (
				04B7F2F0257BAE3100CF9A4B /* LaunchScreen.storyboard */,
				04B7F2EB257BAE2D00CF9A4B /* Main.storyboard */,
			);
			path = Storyboard;
			sourceTree = "<group>";
		};
		04B7F2FE257BAE7A00CF9A4B /* Core */ = {
			isa = PBXGroup;
			children = (
				04B7F2E5257BAE2D00CF9A4B /* AppDelegate.swift */,
				04B7F2E7257BAE2D00CF9A4B /* SceneDelegate.swift */,
			);
			path = Core;
			sourceTree = "<group>";
		};
		1EDF7A42370B36A8D2D50B11 /* Pods */ = {
			isa = PBXGroup;
			children = (
				CEB018E62A9F01F9301A8278 /* Pods-todoey-realm.debug.xcconfig */,
				85D142A0AA15B25B335A88DB /* Pods-todoey-realm.release.xcconfig */,
			);
			name = Pods;
			path = Pods;
			sourceTree = "<group>";
		};
		B4DF8B7F6D99DE1401E77FD7 /* Frameworks */ = {
			isa = PBXGroup;
			children = (
				72E3C2583B0C50A460610008 /* Pods_todoey_realm.framework */,
			);
			name = Frameworks;
			sourceTree = "<group>";
		};
/* End PBXGroup section */

/* Begin PBXNativeTarget section */
		04B7F2E1257BAE2D00CF9A4B /* todoey-realm */ = {
			isa = PBXNativeTarget;
			buildConfigurationList = 04B7F2F6257BAE3100CF9A4B /* Build configuration list for PBXNativeTarget "todoey-realm" */;
			buildPhases = (
				197506FAA9F164204D5CB798 /* [CP] Check Pods Manifest.lock */,
				04B7F2DE257BAE2D00CF9A4B /* Sources */,
				04B7F2DF257BAE2D00CF9A4B /* Frameworks */,
				04B7F2E0257BAE2D00CF9A4B /* Resources */,
				91EA309CCF5E90EC49E0BB58 /* [CP] Embed Pods Frameworks */,
			);
			buildRules = (
			);
			dependencies = (
			);
			name = "todoey-realm";
			productName = "todoey-realm";
			productReference = 04B7F2E2257BAE2D00CF9A4B /* todoey-realm.app */;
			productType = "com.apple.product-type.application";
		};
/* End PBXNativeTarget section */

/* Begin PBXProject section */
		04B7F2DA257BAE2C00CF9A4B /* Project object */ = {
			isa = PBXProject;
			attributes = {
				LastSwiftUpdateCheck = 1220;
				LastUpgradeCheck = 1220;
				TargetAttributes = {
					04B7F2E1257BAE2D00CF9A4B = {
						CreatedOnToolsVersion = 12.2;
					};
				};
			};
			buildConfigurationList = 04B7F2DD257BAE2C00CF9A4B /* Build configuration list for PBXProject "todoey-realm" */;
			compatibilityVersion = "Xcode 9.3";
			developmentRegion = en;
			hasScannedForEncodings = 0;
			knownRegions = (
				en,
				Base,
			);
			mainGroup = 04B7F2D9257BAE2C00CF9A4B;
			productRefGroup = 04B7F2E3257BAE2D00CF9A4B /* Products */;
			projectDirPath = "";
			projectRoot = "";
			targets = (
				04B7F2E1257BAE2D00CF9A4B /* todoey-realm */,
			);
		};
/* End PBXProject section */

/* Begin PBXResourcesBuildPhase section */
		04B7F2E0257BAE2D00CF9A4B /* Resources */ = {
			isa = PBXResourcesBuildPhase;
			buildActionMask = 2147483647;
			files = (
				04B7F2F2257BAE3100CF9A4B /* LaunchScreen.storyboard in Resources */,
				04B7F2EF257BAE3100CF9A4B /* Assets.xcassets in Resources */,
				04B7F2ED257BAE2D00CF9A4B /* Main.storyboard in Resources */,
			);
			runOnlyForDeploymentPostprocessing = 0;
		};
/* End PBXResourcesBuildPhase section */

/* Begin PBXShellScriptBuildPhase section */
		197506FAA9F164204D5CB798 /* [CP] Check Pods Manifest.lock */ = {
			isa = PBXShellScriptBuildPhase;
			buildActionMask = 2147483647;
			files = (
			);
			inputFileListPaths = (
			);
			inputPaths = (
				"${PODS_PODFILE_DIR_PATH}/Podfile.lock",
				"${PODS_ROOT}/Manifest.lock",
			);
			name = "[CP] Check Pods Manifest.lock";
			outputFileListPaths = (
			);
			outputPaths = (
				"$(DERIVED_FILE_DIR)/Pods-todoey-realm-checkManifestLockResult.txt",
			);
			runOnlyForDeploymentPostprocessing = 0;
			shellPath = /bin/sh;
			shellScript = "diff \"${PODS_PODFILE_DIR_PATH}/Podfile.lock\" \"${PODS_ROOT}/Manifest.lock\" > /dev/null\nif [ $? != 0 ] ; then\n    # print error to STDERR\n    echo \"error: The sandbox is not in sync with the Podfile.lock. Run 'pod install' or update your CocoaPods installation.\" >&2\n    exit 1\nfi\n# This output is used by Xcode 'outputs' to avoid re-running this script phase.\necho \"SUCCESS\" > \"${SCRIPT_OUTPUT_FILE_0}\"\n";
			showEnvVarsInLog = 0;
		};
		91EA309CCF5E90EC49E0BB58 /* [CP] Embed Pods Frameworks */ = {
			isa = PBXShellScriptBuildPhase;
			buildActionMask = 2147483647;
			files = (
			);
			inputFileListPaths = (
				"${PODS_ROOT}/Target Support Files/Pods-todoey-realm/Pods-todoey-realm-frameworks-${CONFIGURATION}-input-files.xcfilelist",
			);
			name = "[CP] Embed Pods Frameworks";
			outputFileListPaths = (
				"${PODS_ROOT}/Target Support Files/Pods-todoey-realm/Pods-todoey-realm-frameworks-${CONFIGURATION}-output-files.xcfilelist",
			);
			runOnlyForDeploymentPostprocessing = 0;
			shellPath = /bin/sh;
			shellScript = "\"${PODS_ROOT}/Target Support Files/Pods-todoey-realm/Pods-todoey-realm-frameworks.sh\"\n";
			showEnvVarsInLog = 0;
		};
/* End PBXShellScriptBuildPhase section */

/* Begin PBXSourcesBuildPhase section */
		04B7F2DE257BAE2D00CF9A4B /* Sources */ = {
			isa = PBXSourcesBuildPhase;
			buildActionMask = 2147483647;
			files = (
				04B7F2EA257BAE2D00CF9A4B /* CategoryViewController.swift in Sources */,
				04B7F2E6257BAE2D00CF9A4B /* AppDelegate.swift in Sources */,
				04B7F2E8257BAE2D00CF9A4B /* SceneDelegate.swift in Sources */,
			);
			runOnlyForDeploymentPostprocessing = 0;
		};
/* End PBXSourcesBuildPhase section */

/* Begin PBXVariantGroup section */
		04B7F2EB257BAE2D00CF9A4B /* Main.storyboard */ = {
			isa = PBXVariantGroup;
			children = (
				04B7F2EC257BAE2D00CF9A4B /* Base */,
			);
			name = Main.storyboard;
			sourceTree = "<group>";
		};
		04B7F2F0257BAE3100CF9A4B /* LaunchScreen.storyboard */ = {
			isa = PBXVariantGroup;
			children = (
				04B7F2F1257BAE3100CF9A4B /* Base */,
			);
			name = LaunchScreen.storyboard;
			sourceTree = "<group>";
		};
/* End PBXVariantGroup section */

/* Begin XCBuildConfiguration section */
		04B7F2F4257BAE3100CF9A4B /* Debug */ = {
			isa = XCBuildConfiguration;
			buildSettings = {
				ALWAYS_SEARCH_USER_PATHS = NO;
				CLANG_ANALYZER_NONNULL = YES;
				CLANG_ANALYZER_NUMBER_OBJECT_CONVERSION = YES_AGGRESSIVE;
				CLANG_CXX_LANGUAGE_STANDARD = "gnu++14";
				CLANG_CXX_LIBRARY = "libc++";
				CLANG_ENABLE_MODULES = YES;
				CLANG_ENABLE_OBJC_ARC = YES;
				CLANG_ENABLE_OBJC_WEAK = YES;
				CLANG_WARN_BLOCK_CAPTURE_AUTORELEASING = YES;
				CLANG_WARN_BOOL_CONVERSION = YES;
				CLANG_WARN_COMMA = YES;
				CLANG_WARN_CONSTANT_CONVERSION = YES;
				CLANG_WARN_DEPRECATED_OBJC_IMPLEMENTATIONS = YES;
				CLANG_WARN_DIRECT_OBJC_ISA_USAGE = YES_ERROR;
				CLANG_WARN_DOCUMENTATION_COMMENTS = YES;
				CLANG_WARN_EMPTY_BODY = YES;
				CLANG_WARN_ENUM_CONVERSION = YES;
				CLANG_WARN_INFINITE_RECURSION = YES;
				CLANG_WARN_INT_CONVERSION = YES;
				CLANG_WARN_NON_LITERAL_NULL_CONVERSION = YES;
				CLANG_WARN_OBJC_IMPLICIT_RETAIN_SELF = YES;
				CLANG_WARN_OBJC_LITERAL_CONVERSION = YES;
				CLANG_WARN_OBJC_ROOT_CLASS = YES_ERROR;
				CLANG_WARN_QUOTED_INCLUDE_IN_FRAMEWORK_HEADER = YES;
				CLANG_WARN_RANGE_LOOP_ANALYSIS = YES;
				CLANG_WARN_STRICT_PROTOTYPES = YES;
				CLANG_WARN_SUSPICIOUS_MOVE = YES;
				CLANG_WARN_UNGUARDED_AVAILABILITY = YES_AGGRESSIVE;
				CLANG_WARN_UNREACHABLE_CODE = YES;
				CLANG_WARN__DUPLICATE_METHOD_MATCH = YES;
				COPY_PHASE_STRIP = NO;
				DEBUG_INFORMATION_FORMAT = dwarf;
				ENABLE_STRICT_OBJC_MSGSEND = YES;
				ENABLE_TESTABILITY = YES;
				GCC_C_LANGUAGE_STANDARD = gnu11;
				GCC_DYNAMIC_NO_PIC = NO;
				GCC_NO_COMMON_BLOCKS = YES;
				GCC_OPTIMIZATION_LEVEL = 0;
				GCC_PREPROCESSOR_DEFINITIONS = (
					"DEBUG=1",
					"$(inherited)",
				);
				GCC_WARN_64_TO_32_BIT_CONVERSION = YES;
				GCC_WARN_ABOUT_RETURN_TYPE = YES_ERROR;
				GCC_WARN_UNDECLARED_SELECTOR = YES;
				GCC_WARN_UNINITIALIZED_AUTOS = YES_AGGRESSIVE;
				GCC_WARN_UNUSED_FUNCTION = YES;
				GCC_WARN_UNUSED_VARIABLE = YES;
				IPHONEOS_DEPLOYMENT_TARGET = 14.2;
				MTL_ENABLE_DEBUG_INFO = INCLUDE_SOURCE;
				MTL_FAST_MATH = YES;
				ONLY_ACTIVE_ARCH = YES;
				SDKROOT = iphoneos;
				SWIFT_ACTIVE_COMPILATION_CONDITIONS = DEBUG;
				SWIFT_OPTIMIZATION_LEVEL = "-Onone";
			};
			name = Debug;
		};
		04B7F2F5257BAE3100CF9A4B /* Release */ = {
			isa = XCBuildConfiguration;
			buildSettings = {
				ALWAYS_SEARCH_USER_PATHS = NO;
				CLANG_ANALYZER_NONNULL = YES;
				CLANG_ANALYZER_NUMBER_OBJECT_CONVERSION = YES_AGGRESSIVE;
				CLANG_CXX_LANGUAGE_STANDARD = "gnu++14";
				CLANG_CXX_LIBRARY = "libc++";
				CLANG_ENABLE_MODULES = YES;
				CLANG_ENABLE_OBJC_ARC = YES;
				CLANG_ENABLE_OBJC_WEAK = YES;
				CLANG_WARN_BLOCK_CAPTURE_AUTORELEASING = YES;
				CLANG_WARN_BOOL_CONVERSION = YES;
				CLANG_WARN_COMMA = YES;
				CLANG_WARN_CONSTANT_CONVERSION = YES;
				CLANG_WARN_DEPRECATED_OBJC_IMPLEMENTATIONS = YES;
				CLANG_WARN_DIRECT_OBJC_ISA_USAGE = YES_ERROR;
				CLANG_WARN_DOCUMENTATION_COMMENTS = YES;
				CLANG_WARN_EMPTY_BODY = YES;
				CLANG_WARN_ENUM_CONVERSION = YES;
				CLANG_WARN_INFINITE_RECURSION = YES;
				CLANG_WARN_INT_CONVERSION = YES;
				CLANG_WARN_NON_LITERAL_NULL_CONVERSION = YES;
				CLANG_WARN_OBJC_IMPLICIT_RETAIN_SELF = YES;
				CLANG_WARN_OBJC_LITERAL_CONVERSION = YES;
				CLANG_WARN_OBJC_ROOT_CLASS = YES_ERROR;
				CLANG_WARN_QUOTED_INCLUDE_IN_FRAMEWORK_HEADER = YES;
				CLANG_WARN_RANGE_LOOP_ANALYSIS = YES;
				CLANG_WARN_STRICT_PROTOTYPES = YES;
				CLANG_WARN_SUSPICIOUS_MOVE = YES;
				CLANG_WARN_UNGUARDED_AVAILABILITY = YES_AGGRESSIVE;
				CLANG_WARN_UNREACHABLE_CODE = YES;
				CLANG_WARN__DUPLICATE_METHOD_MATCH = YES;
				COPY_PHASE_STRIP = NO;
				DEBUG_INFORMATION_FORMAT = "dwarf-with-dsym";
				ENABLE_NS_ASSERTIONS = NO;
				ENABLE_STRICT_OBJC_MSGSEND = YES;
				GCC_C_LANGUAGE_STANDARD = gnu11;
				GCC_NO_COMMON_BLOCKS = YES;
				GCC_WARN_64_TO_32_BIT_CONVERSION = YES;
				GCC_WARN_ABOUT_RETURN_TYPE = YES_ERROR;
				GCC_WARN_UNDECLARED_SELECTOR = YES;
				GCC_WARN_UNINITIALIZED_AUTOS = YES_AGGRESSIVE;
				GCC_WARN_UNUSED_FUNCTION = YES;
				GCC_WARN_UNUSED_VARIABLE = YES;
				IPHONEOS_DEPLOYMENT_TARGET = 14.2;
				MTL_ENABLE_DEBUG_INFO = NO;
				MTL_FAST_MATH = YES;
				SDKROOT = iphoneos;
				SWIFT_COMPILATION_MODE = wholemodule;
				SWIFT_OPTIMIZATION_LEVEL = "-O";
				VALIDATE_PRODUCT = YES;
			};
			name = Release;
		};
		04B7F2F7257BAE3100CF9A4B /* Debug */ = {
			isa = XCBuildConfiguration;
			baseConfigurationReference = CEB018E62A9F01F9301A8278 /* Pods-todoey-realm.debug.xcconfig */;
			buildSettings = {
				ASSETCATALOG_COMPILER_APPICON_NAME = AppIcon;
				ASSETCATALOG_COMPILER_GLOBAL_ACCENT_COLOR_NAME = AccentColor;
				CODE_SIGN_STYLE = Automatic;
				DEVELOPMENT_TEAM = 65KFFC5UGQ;
				INFOPLIST_FILE = "todoey-realm/Info.plist";
				LD_RUNPATH_SEARCH_PATHS = (
					"$(inherited)",
					"@executable_path/Frameworks",
				);
				PRODUCT_BUNDLE_IDENTIFIER = "com.ahmed.eid.todoey-realm";
				PRODUCT_NAME = "$(TARGET_NAME)";
				SWIFT_VERSION = 5.0;
				TARGETED_DEVICE_FAMILY = "1,2";
			};
			name = Debug;
		};
		04B7F2F8257BAE3100CF9A4B /* Release */ = {
			isa = XCBuildConfiguration;
			baseConfigurationReference = 85D142A0AA15B25B335A88DB /* Pods-todoey-realm.release.xcconfig */;
			buildSettings = {
				ASSETCATALOG_COMPILER_APPICON_NAME = AppIcon;
				ASSETCATALOG_COMPILER_GLOBAL_ACCENT_COLOR_NAME = AccentColor;
				CODE_SIGN_STYLE = Automatic;
				DEVELOPMENT_TEAM = 65KFFC5UGQ;
				INFOPLIST_FILE = "todoey-realm/Info.plist";
				LD_RUNPATH_SEARCH_PATHS = (
					"$(inherited)",
					"@executable_path/Frameworks",
				);
				PRODUCT_BUNDLE_IDENTIFIER = "com.ahmed.eid.todoey-realm";
				PRODUCT_NAME = "$(TARGET_NAME)";
				SWIFT_VERSION = 5.0;
				TARGETED_DEVICE_FAMILY = "1,2";
			};
			name = Release;
		};
/* End XCBuildConfiguration section */

/* Begin XCConfigurationList section */
		04B7F2DD257BAE2C00CF9A4B /* Build configuration list for PBXProject "todoey-realm" */ = {
			isa = XCConfigurationList;
			buildConfigurations = (
				04B7F2F4257BAE3100CF9A4B /* Debug */,
				04B7F2F5257BAE3100CF9A4B /* Release */,
			);
			defaultConfigurationIsVisible = 0;
			defaultConfigurationName = Release;
		};
		04B7F2F6257BAE3100CF9A4B /* Build configuration list for PBXNativeTarget "todoey-realm" */ = {
			isa = XCConfigurationList;
			buildConfigurations = (
				04B7F2F7257BAE3100CF9A4B /* Debug */,
				04B7F2F8257BAE3100CF9A4B /* Release */,
			);
			defaultConfigurationIsVisible = 0;
			defaultConfigurationName = Release;
		};
/* End XCConfigurationList section */
	};
	rootObject = 04B7F2DA257BAE2C00CF9A4B /* Project object */;
}
